<?xml version="1.0" encoding="UTF-8" standalone="yes" ?>
<CodeBlocks_project_file>
	<FileVersion major="1" minor="6" />
	<Project>
		<Option title="TpLinux" />
		<Option pch_mode="2" />
		<Option compiler="gcc" />
		<Build>
			<Target title="Debug">
				<Option output="bin/Debug/TpLinux" prefix_auto="1" extension_auto="1" />
				<Option object_output="obj/Debug/" />
				<Option type="1" />
				<Option compiler="gcc" />
				<Compiler>
					<Add option="-g" />
				</Compiler>
			</Target>
			<Target title="Release">
				<Option output="bin/Release/TpLinux" prefix_auto="1" extension_auto="1" />
				<Option object_output="obj/Release/" />
				<Option type="1" />
				<Option compiler="gcc" />
				<Compiler>
					<Add option="-O2" />
				</Compiler>
				<Linker>
					<Add option="-s" />
				</Linker>
			</Target>
		</Build>
		<Compiler>
			<Add option="-Wall" />
			<Add option="-fexceptions" />
		</Compiler>
		<Unit filename="Entidades/Interfaz.h" />
		<Unit filename="Entidades/Provincia.cpp" />
		<Unit filename="Entidades/Provincia.h" />
		<Unit filename="Entidades/Sucursal.cpp" />
		<Unit filename="Entidades/Sucursal.h" />
		<Unit filename="Interfaz.cpp" />
		<Unit filename="Listas/Lista.h" />
		<Unit filename="Listas/Listas.cpp" />
		<Unit filename="Nucleo.cpp">
			<Option target="&lt;{~None~}&gt;" />
		</Unit>
		<Unit filename="main.cpp" />
		<Extensions />
	</Project>
</CodeBlocks_project_file>
